
Microsoft Visual Studio Solution File, Format Version 12.00
# Visual Studio Version 17
VisualStudioVersion = 17.13.35931.197 d17.13
MinimumVisualStudioVersion = 10.0.40219.1
Project("{FAE04EC0-301F-11D3-BF4B-00C04F79EFBC}") = "CheckPosition", "CheckPosition.csproj", "{3475B5D5-F30E-485E-A193-E49FA0C3184A}"
EndProject
Project("{2150E333-8FDC-42A3-9474-1A3956D46DE8}") = "Элементы решения", "Элементы решения", "{754FC069-D67B-A9D7-50A1-8D1CA196D8F1}"
EndProject
Global
	GlobalSection(SolutionConfigurationPlatforms) = preSolution
		Debug|Any CPU = Debug|Any CPU
		Release|Any CPU = Release|Any CPU
	EndGlobalSection
	GlobalSection(ProjectConfigurationPlatforms) = postSolution
		{3475B5D5-F30E-485E-A193-E49FA0C3184A}.Debug|Any CPU.ActiveCfg = Debug|Any CPU
		{3475B5D5-F30E-485E-A193-E49FA0C3184A}.Debug|Any CPU.Build.0 = Debug|Any CPU
		{3475B5D5-F30E-485E-A193-E49FA0C3184A}.Release|Any CPU.ActiveCfg = Release|Any CPU
		{3475B5D5-F30E-485E-A193-E49FA0C3184A}.Release|Any CPU.Build.0 = Release|Any CPU
	EndGlobalSection
	GlobalSection(SolutionProperties) = preSolution
		HideSolutionNode = FALSE
	EndGlobalSection
	GlobalSection(ExtensibilityGlobals) = postSolution
		SolutionGuid = {21F21A00-2612-4AA7-B624-C665EE85B9FC}
	EndGlobalSection
EndGlobal
